{
  "name": "stores",
  "lockfileVersion": 3,
  "requires": true,
  "packages": {
    "": {
      "dependencies": {
        "tcp-ping": "^0.1.1"
      }
    },
    "node_modules/tcp-ping": {
      "version": "0.1.1",
      "resolved": "https://registry.npmjs.org/tcp-ping/-/tcp-ping-0.1.1.tgz",
      "integrity": "sha512-7Ed10Ds0hYnF+O1lfiZ2iSZ1bCAj+96Madctebmq7Y1ALPWlBY4YI8C6pCL+UTlshFY5YogixKLpgDP/4BlHrw==",
      "license": "MIT"
    }
  }
}
